{
  "name": "nss-rs",
  "lockfileVersion": 3,
  "requires": true,
  "packages": {
    "": {
      "dependencies": {
        "tombi": "1.5.3"
      }
    },
    "node_modules/@tombi-toml/cli-darwin-arm64": {
      "version": "1.5.3",
      "resolved": "https://registry.npmjs.org/@tombi-toml/cli-darwin-arm64/-/cli-darwin-arm64-1.5.3.tgz",
      "integrity": "sha512-D0wwP+8UPFENkGWcFGOoq8S11NZIfK3HbP1SkOXqe4Y7NCkoM4O161lNiET3mJu/uwZSZyf4v+94/WcDPGxjiw==",
      "cpu": [
        "arm64"
      ],
      "license": "MIT",
      "optional": true,
      "os": [
        "darwin"
      ],
      "engines": {
        "node": ">=14.0.0"
      }
    },
    "node_modules/@tombi-toml/cli-darwin-x64": {
      "version": "1.5.3",
      "resolved": "https://registry.npmjs.org/@tombi-toml/cli-darwin-x64/-/cli-darwin-x64-1.5.3.tgz",
      "integrity": "sha512-ZBwH0lbF7MZxKEElVuNd8t47HfbBgNaA3DE0E81/4HOPUlJZ6EGuMclIQgNwrQW3fsxYMJS9YgbKzp93JGSrYg==",
      "cpu": [
        "x64"
      ],
      "license": "MIT",
      "optional": true,
      "os": [
        "darwin"
      ],
      "engines": {
        "node": ">=14.0.0"
      }
    },
    "node_modules/@tombi-toml/cli-linux-arm64": {
      "version": "1.5.3",
      "resolved": "https://registry.npmjs.org/@tombi-toml/cli-linux-arm64/-/cli-linux-arm64-1.5.3.tgz",
      "integrity": "sha512-YljAMcjSBG/g0yrdhd7HUIFYXLuPAC5xzLxRgf3wMNx8WVwHD88rwfJBEIHaserVUZ5BNDRdeUc+uhH2leh0yQ==",
      "cpu": [
        "arm64"
      ],
      "libc": [
        "glibc"
      ],
      "license": "MIT",
      "optional": true,
      "os": [
        "linux"
      ],
      "engines": {
        "node": ">=14.0.0"
      }
    },
    "node_modules/@tombi-toml/cli-linux-arm64-musl": {
      "version": "1.5.3",
      "resolved": "https://registry.npmjs.org/@tombi-toml/cli-linux-arm64-musl/-/cli-linux-arm64-musl-1.5.3.tgz",
      "integrity": "sha512-1vGWPhUF6H1IKUyfmnzTcDK6Imz05YN/iljog7qyKcHzUCYu9rlMuZKA2ACYiJpyjQZZNEW59RfrFy48iRrY3w==",
      "cpu": [
        "arm64"
      ],
      "libc": [
        "musl"
      ],
      "license": "MIT",
      "optional": true,
      "os": [
        "linux"
      ],
      "engines": {
        "node": ">=14.0.0"
      }
    },
    "node_modules/@tombi-toml/cli-linux-x64": {
      "version": "1.5.3",
      "resolved": "https://registry.npmjs.org/@tombi-toml/cli-linux-x64/-/cli-linux-x64-1.5.3.tgz",
      "integrity": "sha512-HNfk87IXzPX1ex8q1M2xn4z1c/Yd3dsQtftVFrDZ7b+K607oHtqRbPD33drNF/vMp8ThPObpDZ/8x0sqwyObvg==",
      "cpu": [
        "x64"
      ],
      "libc": [
        "glibc"
      ],
      "license": "MIT",
      "optional": true,
      "os": [
        "linux"
      ],
      "engines": {
        "node": ">=14.0.0"
      }
    },
    "node_modules/@tombi-toml/cli-linux-x64-musl": {
      "version": "1.5.3",
      "resolved": "https://registry.npmjs.org/@tombi-toml/cli-linux-x64-musl/-/cli-linux-x64-musl-1.5.3.tgz",
      "integrity": "sha512-lwrq3ldFUf6Oi8vhVVD2Sv2OdXWsONLHb9MLNm6SMX3gF4kHzzn9edvutNuPfLyR6kwKvy6vWRu0rqK78DJcRA==",
      "cpu": [
        "x64"
      ],
      "libc": [
        "musl"
      ],
      "license": "MIT",
      "optional": true,
      "os": [
        "linux"
      ],
      "engines": {
        "node": ">=14.0.0"
      }
    },
    "node_modules/@tombi-toml/cli-sunos-x64": {
      "version": "1.5.3",
      "resolved": "https://registry.npmjs.org/@tombi-toml/cli-sunos-x64/-/cli-sunos-x64-1.5.3.tgz",
      "integrity": "sha512-ub8i3bZDYVFlR0CjAKoDgg/JCWnYR6I1/PKg7aGakIQKzsOjiH9qHCkTBmcPZK8NJbiuITdyQtAxXJsV2gjTjA==",
      "cpu": [
        "x64"
      ],
      "license": "MIT",
      "optional": true,
      "os": [
        "sunos"
      ],
      "engines": {
        "node": ">=14.0.0"
      }
    },
    "node_modules/@tombi-toml/cli-win32-arm64": {
      "version": "1.5.3",
      "resolved": "https://registry.npmjs.org/@tombi-toml/cli-win32-arm64/-/cli-win32-arm64-1.5.3.tgz",
      "integrity": "sha512-vHFwmcHc9lwoHgDGzxgwOHq6U8yQGGYehiIBT3eGUJ6Wbcgy29hwgGZ2rYRDMVaq53zE9K3J89aLMMWgEHOBFw==",
      "cpu": [
        "arm64"
      ],
      "license": "MIT",
      "optional": true,
      "os": [
        "win32"
      ],
      "engines": {
        "node": ">=14.0.0"
      }
    },
    "node_modules/@tombi-toml/cli-win32-x64": {
      "version": "1.5.3",
      "resolved": "https://registry.npmjs.org/@tombi-toml/cli-win32-x64/-/cli-win32-x64-1.5.3.tgz",
      "integrity": "sha512-mEw/jyF2HrV8ikO7XD2Gucp932qXMefRoqEbsB6VAG+Ibb/0vPDW5/8LRuiml95TfeCdozSqL56x50M9A3Ku8A==",
      "cpu": [
        "x64"
      ],
      "license": "MIT",
      "optional": true,
      "os": [
        "win32"
      ],
      "engines": {
        "node": ">=14.0.0"
      }
    },
    "node_modules/tombi": {
      "version": "1.5.3",
      "resolved": "https://registry.npmjs.org/tombi/-/tombi-1.5.3.tgz",
      "integrity": "sha512-kY+djJSBMhRRlgddLYdSZ5HR5S3rLRquBWV+uQI3FTZHMM1U8V7Gd0cdwSCFAhx0AePY9XmNj5irgpza4/JgLw==",
      "license": "MIT",
      "bin": {
        "tombi": "bin/tombi"
      },
      "engines": {
        "node": ">=14.0.0"
      },
      "optionalDependencies": {
        "@tombi-toml/cli-darwin-arm64": "1.5.3",
        "@tombi-toml/cli-darwin-x64": "1.5.3",
        "@tombi-toml/cli-linux-arm64": "1.5.3",
        "@tombi-toml/cli-linux-arm64-musl": "1.5.3",
        "@tombi-toml/cli-linux-x64": "1.5.3",
        "@tombi-toml/cli-linux-x64-musl": "1.5.3",
        "@tombi-toml/cli-sunos-x64": "1.5.3",
        "@tombi-toml/cli-win32-arm64": "1.5.3",
        "@tombi-toml/cli-win32-x64": "1.5.3"
      }
    }
  }
}
