{
  "name": "nss-rs",
  "lockfileVersion": 3,
  "requires": true,
  "packages": {
    "": {
      "dependencies": {
        "tombi": "^1.5.2"
      }
    },
    "node_modules/@tombi-toml/cli-darwin-arm64": {
      "version": "1.5.2",
      "resolved": "https://registry.npmjs.org/@tombi-toml/cli-darwin-arm64/-/cli-darwin-arm64-1.5.2.tgz",
      "integrity": "sha512-ytz9kn4vvVnZNtGX4BWn/kk0LKYlNWUVaq1EDNqZkIxIkrpVamKLdPwQcNTk1U4iOrL9UOtX/cKJ65MXdA839g==",
      "cpu": [
        "arm64"
      ],
      "license": "MIT",
      "optional": true,
      "os": [
        "darwin"
      ],
      "engines": {
        "node": ">=14.0.0"
      }
    },
    "node_modules/@tombi-toml/cli-darwin-x64": {
      "version": "1.5.2",
      "resolved": "https://registry.npmjs.org/@tombi-toml/cli-darwin-x64/-/cli-darwin-x64-1.5.2.tgz",
      "integrity": "sha512-vxfC9nA7vPQoB2qTQFbcTYfraAb5Ely6TF2b8JUInm1MGS4CZBPapssQFlfscczknhAgwm+xI9SDsf/2ODlYyA==",
      "cpu": [
        "x64"
      ],
      "license": "MIT",
      "optional": true,
      "os": [
        "darwin"
      ],
      "engines": {
        "node": ">=14.0.0"
      }
    },
    "node_modules/@tombi-toml/cli-linux-arm64": {
      "version": "1.5.2",
      "resolved": "https://registry.npmjs.org/@tombi-toml/cli-linux-arm64/-/cli-linux-arm64-1.5.2.tgz",
      "integrity": "sha512-E2PH6DTTnmk3e5fFUg+0B/GJrpfaIya1MbBxfNzg/89y5kvUOePoiaTXhS9gGZWdfoMGt93MAY6L7/YhbSZrAA==",
      "cpu": [
        "arm64"
      ],
      "libc": [
        "glibc"
      ],
      "license": "MIT",
      "optional": true,
      "os": [
        "linux"
      ],
      "engines": {
        "node": ">=14.0.0"
      }
    },
    "node_modules/@tombi-toml/cli-linux-arm64-musl": {
      "version": "1.5.2",
      "resolved": "https://registry.npmjs.org/@tombi-toml/cli-linux-arm64-musl/-/cli-linux-arm64-musl-1.5.2.tgz",
      "integrity": "sha512-C+F3r3Bcmmgr32Fns6bYRWJTYhSHfD13zGdpCemVo0zGbQC/3bmkOe+3Bv6rQkrf6LNbWxEp1yJSoscbmB9umA==",
      "cpu": [
        "arm64"
      ],
      "libc": [
        "musl"
      ],
      "license": "MIT",
      "optional": true,
      "os": [
        "linux"
      ],
      "engines": {
        "node": ">=14.0.0"
      }
    },
    "node_modules/@tombi-toml/cli-linux-x64": {
      "version": "1.5.2",
      "resolved": "https://registry.npmjs.org/@tombi-toml/cli-linux-x64/-/cli-linux-x64-1.5.2.tgz",
      "integrity": "sha512-9t2OiI0r3LknEXRsqkucCSbWrBwqn261g6aa74UEEft/j4foTHZw4edwR2dGBJcleJSZsenpr8GQ/0N2ygq3Jw==",
      "cpu": [
        "x64"
      ],
      "libc": [
        "glibc"
      ],
      "license": "MIT",
      "optional": true,
      "os": [
        "linux"
      ],
      "engines": {
        "node": ">=14.0.0"
      }
    },
    "node_modules/@tombi-toml/cli-linux-x64-musl": {
      "version": "1.5.2",
      "resolved": "https://registry.npmjs.org/@tombi-toml/cli-linux-x64-musl/-/cli-linux-x64-musl-1.5.2.tgz",
      "integrity": "sha512-YwAYyw5Fo2AjMVE0wIthZriFU+nvtD5pYemOZLxHephVuapL2piEOPBMaD2DJLxKkbxJEjnm0HTUqec+8RK6Cg==",
      "cpu": [
        "x64"
      ],
      "libc": [
        "musl"
      ],
      "license": "MIT",
      "optional": true,
      "os": [
        "linux"
      ],
      "engines": {
        "node": ">=14.0.0"
      }
    },
    "node_modules/@tombi-toml/cli-sunos-x64": {
      "version": "1.5.2",
      "resolved": "https://registry.npmjs.org/@tombi-toml/cli-sunos-x64/-/cli-sunos-x64-1.5.2.tgz",
      "integrity": "sha512-n/tIYWNJzduQKHIt5YTh5B6q1goNrN8NnvkQtwEVThPpGsr5oUhv9ImTV2U0DynCAuxw/u/p3/3s1p8oN2iNJw==",
      "cpu": [
        "x64"
      ],
      "license": "MIT",
      "optional": true,
      "os": [
        "sunos"
      ],
      "engines": {
        "node": ">=14.0.0"
      }
    },
    "node_modules/@tombi-toml/cli-win32-arm64": {
      "version": "1.5.2",
      "resolved": "https://registry.npmjs.org/@tombi-toml/cli-win32-arm64/-/cli-win32-arm64-1.5.2.tgz",
      "integrity": "sha512-XBWo03vFq4L0z6zv0LFtmwzZ1yETohC5mYIM8WzuCc6STQpHtE+3QNgUeEV85WS2cx88wkAoOrAz1LiXUuP6pQ==",
      "cpu": [
        "arm64"
      ],
      "license": "MIT",
      "optional": true,
      "os": [
        "win32"
      ],
      "engines": {
        "node": ">=14.0.0"
      }
    },
    "node_modules/@tombi-toml/cli-win32-x64": {
      "version": "1.5.2",
      "resolved": "https://registry.npmjs.org/@tombi-toml/cli-win32-x64/-/cli-win32-x64-1.5.2.tgz",
      "integrity": "sha512-MibxHNSivBqHEwBX3RQgBA01US8pAsEK5njYViAd+NdTiiBSIwybWaMeOd5Hq6RJEcTz7pKNbcHNe4fGv7SnrQ==",
      "cpu": [
        "x64"
      ],
      "license": "MIT",
      "optional": true,
      "os": [
        "win32"
      ],
      "engines": {
        "node": ">=14.0.0"
      }
    },
    "node_modules/tombi": {
      "version": "1.5.2",
      "resolved": "https://registry.npmjs.org/tombi/-/tombi-1.5.2.tgz",
      "integrity": "sha512-R5qNbrixcz4NgXnaRhPjbCHfmxoYamIX0YWRjHth9986fQA3l9V7mCvQZ1OyzqPgOQfSDIRu0Y6u2EFy67MArg==",
      "license": "MIT",
      "bin": {
        "tombi": "bin/tombi"
      },
      "engines": {
        "node": ">=14.0.0"
      },
      "optionalDependencies": {
        "@tombi-toml/cli-darwin-arm64": "1.5.2",
        "@tombi-toml/cli-darwin-x64": "1.5.2",
        "@tombi-toml/cli-linux-arm64": "1.5.2",
        "@tombi-toml/cli-linux-arm64-musl": "1.5.2",
        "@tombi-toml/cli-linux-x64": "1.5.2",
        "@tombi-toml/cli-linux-x64-musl": "1.5.2",
        "@tombi-toml/cli-sunos-x64": "1.5.2",
        "@tombi-toml/cli-win32-arm64": "1.5.2",
        "@tombi-toml/cli-win32-x64": "1.5.2"
      }
    }
  }
}
